{
    "_meta": {
        "hash": {
            "sha256": "58a7472b9907a1aa59cd3db9ab193da3f7d94abb055735bbdbba36b7bb5aa92d"
        },
        "pipfile-spec": 6,
        "requires": {
            "python_version": "3.9"
        },
        "sources": [
            {
                "name": "pypi",
                "url": "https://pypi.org/simple",
                "verify_ssl": true
            }
        ]
    },
    "default": {
        "amadeus": {
            "hashes": [
                "sha256:9cc04eb479fd011197c89217a7e9fd069e74c39dfad0a95e6cbf3093331fc4e6"
            ],
            "index": "pypi",
            "version": "==8.0.0"
        },
        "blinker": {
            "hashes": [
                "sha256:4afd3de66ef3a9f8067559fb7a1cbe555c17dcbe15971b05d1b625c3e7abe213",
                "sha256:c3d739772abb7bc2860abf5f2ec284223d9ad5c76da018234f6f50d6f31ab1f0"
            ],
            "markers": "python_version >= '3.7'",
            "version": "==1.6.2"
        },
        "click": {
            "hashes": [
                "sha256:7682dc8afb30297001674575ea00d1814d808d6a36af415a82bd481d37ba7b8e",
                "sha256:bb4d8133cb15a609f44e8213d9b391b0809795062913b383c62be0ee95b1db48"
            ],
            "markers": "python_version >= '3.7'",
            "version": "==8.1.3"
        },
        "dnspython": {
            "hashes": [
                "sha256:224e32b03eb46be70e12ef6d64e0be123a64e621ab4c0822ff6d450d52a540b9",
                "sha256:89141536394f909066cabd112e3e1a37e4e654db00a25308b0f130bc3152eb46"
            ],
            "markers": "python_version >= '3.7' and python_version < '4.0'",
            "version": "==2.3.0"
        },
        "flask": {
            "hashes": [
                "sha256:77fd4e1249d8c9923de34907236b747ced06e5467ecac1a7bb7115ae0e9670b0",
                "sha256:8c2f9abd47a9e8df7f0c3f091ce9497d011dc3b31effcf4c85a6e2b50f4114ef"
            ],
            "index": "pypi",
            "version": "==2.3.2"
        },
        "flask-cors": {
            "hashes": [
                "sha256:74efc975af1194fc7891ff5cd85b0f7478be4f7f59fe158102e91abb72bb4438",
                "sha256:b60839393f3b84a0f3746f6cdca56c1ad7426aa738b70d6c61375857823181de"
            ],
            "index": "pypi",
            "version": "==3.0.10"
        },
        "flask-pymongo": {
            "hashes": [
                "sha256:620eb02dc8808a5fcb90f26cab6cba9d6bf497b15032ae3ca99df80366e33314",
                "sha256:8a9577a2c6d00b49f21cb5a5a8d72561730364a2d745551a85349ab02f86fc73"
            ],
            "index": "pypi",
            "version": "==2.3.0"
        },
        "flask-sqlalchemy": {
            "hashes": [
                "sha256:2764335f3c9d7ebdc9ed6044afaf98aae9fa50d7a074cef55dde307ec95903ec",
                "sha256:add5750b2f9cd10512995261ee2aa23fab85bd5626061aa3c564b33bb4aa780a"
            ],
            "index": "pypi",
            "version": "==3.0.3"
        },
        "flask-wtf": {
            "hashes": [
                "sha256:41c4244e9ae626d63bed42ae4785b90667b885b1535d5a4095e1f63060d12aa9",
                "sha256:7887d6f1ebb3e17bf648647422f0944c9a469d0fcf63e3b66fb9a83037e38b2c"
            ],
            "index": "pypi",
            "version": "==1.1.1"
        },
        "greenlet": {
            "hashes": [
                "sha256:03a8f4f3430c3b3ff8d10a2a86028c660355ab637cee9333d63d66b56f09d52a",
                "sha256:0bf60faf0bc2468089bdc5edd10555bab6e85152191df713e2ab1fcc86382b5a",
                "sha256:18a7f18b82b52ee85322d7a7874e676f34ab319b9f8cce5de06067384aa8ff43",
                "sha256:18e98fb3de7dba1c0a852731c3070cf022d14f0d68b4c87a19cc1016f3bb8b33",
                "sha256:1a819eef4b0e0b96bb0d98d797bef17dc1b4a10e8d7446be32d1da33e095dbb8",
                "sha256:26fbfce90728d82bc9e6c38ea4d038cba20b7faf8a0ca53a9c07b67318d46088",
                "sha256:2780572ec463d44c1d3ae850239508dbeb9fed38e294c68d19a24d925d9223ca",
                "sha256:283737e0da3f08bd637b5ad058507e578dd462db259f7f6e4c5c365ba4ee9343",
                "sha256:2d4686f195e32d36b4d7cf2d166857dbd0ee9f3d20ae349b6bf8afc8485b3645",
                "sha256:2dd11f291565a81d71dab10b7033395b7a3a5456e637cf997a6f33ebdf06f8db",
                "sha256:30bcf80dda7f15ac77ba5af2b961bdd9dbc77fd4ac6105cee85b0d0a5fcf74df",
                "sha256:32e5b64b148966d9cccc2c8d35a671409e45f195864560829f395a54226408d3",
                "sha256:36abbf031e1c0f79dd5d596bfaf8e921c41df2bdf54ee1eed921ce1f52999a86",
                "sha256:3a06ad5312349fec0ab944664b01d26f8d1f05009566339ac6f63f56589bc1a2",
                "sha256:3a51c9751078733d88e013587b108f1b7a1fb106d402fb390740f002b6f6551a",
                "sha256:3c9b12575734155d0c09d6c3e10dbd81665d5c18e1a7c6597df72fd05990c8cf",
                "sha256:3f6ea9bd35eb450837a3d80e77b517ea5bc56b4647f5502cd28de13675ee12f7",
                "sha256:4b58adb399c4d61d912c4c331984d60eb66565175cdf4a34792cd9600f21b394",
                "sha256:4d2e11331fc0c02b6e84b0d28ece3a36e0548ee1a1ce9ddde03752d9b79bba40",
                "sha256:5454276c07d27a740c5892f4907c86327b632127dd9abec42ee62e12427ff7e3",
                "sha256:561091a7be172ab497a3527602d467e2b3fbe75f9e783d8b8ce403fa414f71a6",
                "sha256:6c3acb79b0bfd4fe733dff8bc62695283b57949ebcca05ae5c129eb606ff2d74",
                "sha256:703f18f3fda276b9a916f0934d2fb6d989bf0b4fb5a64825260eb9bfd52d78f0",
                "sha256:7492e2b7bd7c9b9916388d9df23fa49d9b88ac0640db0a5b4ecc2b653bf451e3",
                "sha256:76ae285c8104046b3a7f06b42f29c7b73f77683df18c49ab5af7983994c2dd91",
                "sha256:7cafd1208fdbe93b67c7086876f061f660cfddc44f404279c1585bbf3cdc64c5",
                "sha256:7efde645ca1cc441d6dc4b48c0f7101e8d86b54c8530141b09fd31cef5149ec9",
                "sha256:88d9ab96491d38a5ab7c56dd7a3cc37d83336ecc564e4e8816dbed12e5aaefc8",
                "sha256:8eab883b3b2a38cc1e050819ef06a7e6344d4a990d24d45bc6f2cf959045a45b",
                "sha256:910841381caba4f744a44bf81bfd573c94e10b3045ee00de0cbf436fe50673a6",
                "sha256:9190f09060ea4debddd24665d6804b995a9c122ef5917ab26e1566dcc712ceeb",
                "sha256:937e9020b514ceedb9c830c55d5c9872abc90f4b5862f89c0887033ae33c6f73",
                "sha256:94c817e84245513926588caf1152e3b559ff794d505555211ca041f032abbb6b",
                "sha256:971ce5e14dc5e73715755d0ca2975ac88cfdaefcaab078a284fea6cfabf866df",
                "sha256:9d14b83fab60d5e8abe587d51c75b252bcc21683f24699ada8fb275d7712f5a9",
                "sha256:9f35ec95538f50292f6d8f2c9c9f8a3c6540bbfec21c9e5b4b751e0a7c20864f",
                "sha256:a1846f1b999e78e13837c93c778dcfc3365902cfb8d1bdb7dd73ead37059f0d0",
                "sha256:acd2162a36d3de67ee896c43effcd5ee3de247eb00354db411feb025aa319857",
                "sha256:b0ef99cdbe2b682b9ccbb964743a6aca37905fda5e0452e5ee239b1654d37f2a",
                "sha256:b80f600eddddce72320dbbc8e3784d16bd3fb7b517e82476d8da921f27d4b249",
                "sha256:b864ba53912b6c3ab6bcb2beb19f19edd01a6bfcbdfe1f37ddd1778abfe75a30",
                "sha256:b9ec052b06a0524f0e35bd8790686a1da006bd911dd1ef7d50b77bfbad74e292",
                "sha256:ba2956617f1c42598a308a84c6cf021a90ff3862eddafd20c3333d50f0edb45b",
                "sha256:bdfea8c661e80d3c1c99ad7c3ff74e6e87184895bbaca6ee8cc61209f8b9b85d",
                "sha256:be4ed120b52ae4d974aa40215fcdfde9194d63541c7ded40ee12eb4dda57b76b",
                "sha256:c4302695ad8027363e96311df24ee28978162cdcdd2006476c43970b384a244c",
                "sha256:c48f54ef8e05f04d6eff74b8233f6063cb1ed960243eacc474ee73a2ea8573ca",
                "sha256:c9c59a2120b55788e800d82dfa99b9e156ff8f2227f07c5e3012a45a399620b7",
                "sha256:cd021c754b162c0fb55ad5d6b9d960db667faad0fa2ff25bb6e1301b0b6e6a75",
                "sha256:d27ec7509b9c18b6d73f2f5ede2622441de812e7b1a80bbd446cb0633bd3d5ae",
                "sha256:d5508f0b173e6aa47273bdc0a0b5ba055b59662ba7c7ee5119528f466585526b",
                "sha256:d75209eed723105f9596807495d58d10b3470fa6732dd6756595e89925ce2470",
                "sha256:db1a39669102a1d8d12b57de2bb7e2ec9066a6f2b3da35ae511ff93b01b5d564",
                "sha256:dbfcfc0218093a19c252ca8eb9aee3d29cfdcb586df21049b9d777fd32c14fd9",
                "sha256:e0f72c9ddb8cd28532185f54cc1453f2c16fb417a08b53a855c4e6a418edd099",
                "sha256:e7c8dc13af7db097bed64a051d2dd49e9f0af495c26995c00a9ee842690d34c0",
                "sha256:ea9872c80c132f4663822dd2a08d404073a5a9b5ba6155bea72fb2a79d1093b5",
                "sha256:eff4eb9b7eb3e4d0cae3d28c283dc16d9bed6b193c2e1ace3ed86ce48ea8df19",
                "sha256:f82d4d717d8ef19188687aa32b8363e96062911e63ba22a0cff7802a8e58e5f1",
                "sha256:fc3a569657468b6f3fb60587e48356fe512c1754ca05a564f11366ac9e306526"
            ],
            "markers": "platform_machine == 'aarch64' or (platform_machine == 'ppc64le' or (platform_machine == 'x86_64' or (platform_machine == 'amd64' or (platform_machine == 'AMD64' or (platform_machine == 'win32' or platform_machine == 'WIN32')))))",
            "version": "==2.0.2"
        },
        "importlib-metadata": {
            "hashes": [
                "sha256:43dd286a2cd8995d5eaef7fee2066340423b818ed3fd70adf0bad5f1fac53fed",
                "sha256:92501cdf9cc66ebd3e612f1b4f0c0765dfa42f0fa38ffb319b6bd84dd675d705"
            ],
            "markers": "python_version < '3.10'",
            "version": "==6.6.0"
        },
        "itsdangerous": {
            "hashes": [
                "sha256:2c2349112351b88699d8d4b6b075022c0808887cb7ad10069318a8b0bc88db44",
                "sha256:5dbbc68b317e5e42f327f9021763545dc3fc3bfe22e6deb96aaf1fc38874156a"
            ],
            "markers": "python_version >= '3.7'",
            "version": "==2.1.2"
        },
        "jinja2": {
            "hashes": [
                "sha256:31351a702a408a9e7595a8fc6150fc3f43bb6bf7e319770cbc0db9df9437e852",
                "sha256:6088930bfe239f0e6710546ab9c19c9ef35e29792895fed6e6e31a023a182a61"
            ],
            "markers": "python_version >= '3.7'",
            "version": "==3.1.2"
        },
        "markupsafe": {
            "hashes": [
                "sha256:0576fe974b40a400449768941d5d0858cc624e3249dfd1e0c33674e5c7ca7aed",
                "sha256:085fd3201e7b12809f9e6e9bc1e5c96a368c8523fad5afb02afe3c051ae4afcc",
                "sha256:090376d812fb6ac5f171e5938e82e7f2d7adc2b629101cec0db8b267815c85e2",
                "sha256:0b462104ba25f1ac006fdab8b6a01ebbfbce9ed37fd37fd4acd70c67c973e460",
                "sha256:137678c63c977754abe9086a3ec011e8fd985ab90631145dfb9294ad09c102a7",
                "sha256:1bea30e9bf331f3fef67e0a3877b2288593c98a21ccb2cf29b74c581a4eb3af0",
                "sha256:22152d00bf4a9c7c83960521fc558f55a1adbc0631fbb00a9471e097b19d72e1",
                "sha256:22731d79ed2eb25059ae3df1dfc9cb1546691cc41f4e3130fe6bfbc3ecbbecfa",
                "sha256:2298c859cfc5463f1b64bd55cb3e602528db6fa0f3cfd568d3605c50678f8f03",
                "sha256:28057e985dace2f478e042eaa15606c7efccb700797660629da387eb289b9323",
                "sha256:2e7821bffe00aa6bd07a23913b7f4e01328c3d5cc0b40b36c0bd81d362faeb65",
                "sha256:2ec4f2d48ae59bbb9d1f9d7efb9236ab81429a764dedca114f5fdabbc3788013",
                "sha256:340bea174e9761308703ae988e982005aedf427de816d1afe98147668cc03036",
                "sha256:40627dcf047dadb22cd25ea7ecfe9cbf3bbbad0482ee5920b582f3809c97654f",
                "sha256:40dfd3fefbef579ee058f139733ac336312663c6706d1163b82b3003fb1925c4",
                "sha256:4cf06cdc1dda95223e9d2d3c58d3b178aa5dacb35ee7e3bbac10e4e1faacb419",
                "sha256:50c42830a633fa0cf9e7d27664637532791bfc31c731a87b202d2d8ac40c3ea2",
                "sha256:55f44b440d491028addb3b88f72207d71eeebfb7b5dbf0643f7c023ae1fba619",
                "sha256:608e7073dfa9e38a85d38474c082d4281f4ce276ac0010224eaba11e929dd53a",
                "sha256:63ba06c9941e46fa389d389644e2d8225e0e3e5ebcc4ff1ea8506dce646f8c8a",
                "sha256:65608c35bfb8a76763f37036547f7adfd09270fbdbf96608be2bead319728fcd",
                "sha256:665a36ae6f8f20a4676b53224e33d456a6f5a72657d9c83c2aa00765072f31f7",
                "sha256:6d6607f98fcf17e534162f0709aaad3ab7a96032723d8ac8750ffe17ae5a0666",
                "sha256:7313ce6a199651c4ed9d7e4cfb4aa56fe923b1adf9af3b420ee14e6d9a73df65",
                "sha256:7668b52e102d0ed87cb082380a7e2e1e78737ddecdde129acadb0eccc5423859",
                "sha256:7df70907e00c970c60b9ef2938d894a9381f38e6b9db73c5be35e59d92e06625",
                "sha256:7e007132af78ea9df29495dbf7b5824cb71648d7133cf7848a2a5dd00d36f9ff",
                "sha256:835fb5e38fd89328e9c81067fd642b3593c33e1e17e2fdbf77f5676abb14a156",
                "sha256:8bca7e26c1dd751236cfb0c6c72d4ad61d986e9a41bbf76cb445f69488b2a2bd",
                "sha256:8db032bf0ce9022a8e41a22598eefc802314e81b879ae093f36ce9ddf39ab1ba",
                "sha256:99625a92da8229df6d44335e6fcc558a5037dd0a760e11d84be2260e6f37002f",
                "sha256:9cad97ab29dfc3f0249b483412c85c8ef4766d96cdf9dcf5a1e3caa3f3661cf1",
                "sha256:a4abaec6ca3ad8660690236d11bfe28dfd707778e2442b45addd2f086d6ef094",
                "sha256:a6e40afa7f45939ca356f348c8e23048e02cb109ced1eb8420961b2f40fb373a",
                "sha256:a6f2fcca746e8d5910e18782f976489939d54a91f9411c32051b4aab2bd7c513",
                "sha256:a806db027852538d2ad7555b203300173dd1b77ba116de92da9afbc3a3be3eed",
                "sha256:abcabc8c2b26036d62d4c746381a6f7cf60aafcc653198ad678306986b09450d",
                "sha256:b8526c6d437855442cdd3d87eede9c425c4445ea011ca38d937db299382e6fa3",
                "sha256:bb06feb762bade6bf3c8b844462274db0c76acc95c52abe8dbed28ae3d44a147",
                "sha256:c0a33bc9f02c2b17c3ea382f91b4db0e6cde90b63b296422a939886a7a80de1c",
                "sha256:c4a549890a45f57f1ebf99c067a4ad0cb423a05544accaf2b065246827ed9603",
                "sha256:ca244fa73f50a800cf8c3ebf7fd93149ec37f5cb9596aa8873ae2c1d23498601",
                "sha256:cf877ab4ed6e302ec1d04952ca358b381a882fbd9d1b07cccbfd61783561f98a",
                "sha256:d9d971ec1e79906046aa3ca266de79eac42f1dbf3612a05dc9368125952bd1a1",
                "sha256:da25303d91526aac3672ee6d49a2f3db2d9502a4a60b55519feb1a4c7714e07d",
                "sha256:e55e40ff0cc8cc5c07996915ad367fa47da6b3fc091fdadca7f5403239c5fec3",
                "sha256:f03a532d7dee1bed20bc4884194a16160a2de9ffc6354b3878ec9682bb623c54",
                "sha256:f1cd098434e83e656abf198f103a8207a8187c0fc110306691a2e94a78d0abb2",
                "sha256:f2bfb563d0211ce16b63c7cb9395d2c682a23187f54c3d79bfec33e6705473c6",
                "sha256:f8ffb705ffcf5ddd0e80b65ddf7bed7ee4f5a441ea7d3419e861a12eaf41af58"
            ],
            "markers": "python_version >= '3.7'",
            "version": "==2.1.2"
        },
        "numpy": {
            "hashes": [
                "sha256:0ec87a7084caa559c36e0a2309e4ecb1baa03b687201d0a847c8b0ed476a7187",
                "sha256:1a7d6acc2e7524c9955e5c903160aa4ea083736fde7e91276b0e5d98e6332812",
                "sha256:202de8f38fc4a45a3eea4b63e2f376e5f2dc64ef0fa692838e31a808520efaf7",
                "sha256:210461d87fb02a84ef243cac5e814aad2b7f4be953b32cb53327bb49fd77fbb4",
                "sha256:2d926b52ba1367f9acb76b0df6ed21f0b16a1ad87c6720a1121674e5cf63e2b6",
                "sha256:352ee00c7f8387b44d19f4cada524586f07379c0d49270f87233983bc5087ca0",
                "sha256:35400e6a8d102fd07c71ed7dcadd9eb62ee9a6e84ec159bd48c28235bbb0f8e4",
                "sha256:3c1104d3c036fb81ab923f507536daedc718d0ad5a8707c6061cdfd6d184e570",
                "sha256:4719d5aefb5189f50887773699eaf94e7d1e02bf36c1a9d353d9f46703758ca4",
                "sha256:4749e053a29364d3452c034827102ee100986903263e89884922ef01a0a6fd2f",
                "sha256:5342cf6aad47943286afa6f1609cad9b4266a05e7f2ec408e2cf7aea7ff69d80",
                "sha256:56e48aec79ae238f6e4395886b5eaed058abb7231fb3361ddd7bfdf4eed54289",
                "sha256:76e3f4e85fc5d4fd311f6e9b794d0c00e7002ec122be271f2019d63376f1d385",
                "sha256:7776ea65423ca6a15255ba1872d82d207bd1e09f6d0894ee4a64678dd2204078",
                "sha256:784c6da1a07818491b0ffd63c6bbe5a33deaa0e25a20e1b3ea20cf0e43f8046c",
                "sha256:8535303847b89aa6b0f00aa1dc62867b5a32923e4d1681a35b5eef2d9591a463",
                "sha256:9a7721ec204d3a237225db3e194c25268faf92e19338a35f3a224469cb6039a3",
                "sha256:a1d3c026f57ceaad42f8231305d4653d5f05dc6332a730ae5c0bea3513de0950",
                "sha256:ab344f1bf21f140adab8e47fdbc7c35a477dc01408791f8ba00d018dd0bc5155",
                "sha256:ab5f23af8c16022663a652d3b25dcdc272ac3f83c3af4c02eb8b824e6b3ab9d7",
                "sha256:ae8d0be48d1b6ed82588934aaaa179875e7dc4f3d84da18d7eae6eb3f06c242c",
                "sha256:c91c4afd8abc3908e00a44b2672718905b8611503f7ff87390cc0ac3423fb096",
                "sha256:d5036197ecae68d7f491fcdb4df90082b0d4960ca6599ba2659957aafced7c17",
                "sha256:d6cc757de514c00b24ae8cf5c876af2a7c3df189028d68c0cb4eaa9cd5afc2bf",
                "sha256:d933fabd8f6a319e8530d0de4fcc2e6a61917e0b0c271fded460032db42a0fe4",
                "sha256:ea8282b9bcfe2b5e7d491d0bf7f3e2da29700cec05b49e64d6246923329f2b02",
                "sha256:ecde0f8adef7dfdec993fd54b0f78183051b6580f606111a6d789cd14c61ea0c",
                "sha256:f21c442fdd2805e91799fbe044a7b999b8571bb0ab0f7850d0cb9641a687092b"
            ],
            "markers": "python_version < '3.10'",
            "version": "==1.24.3"
        },
        "pandas": {
            "hashes": [
                "sha256:00959a04a1d7bbc63d75a768540fb20ecc9e65fd80744c930e23768345a362a7",
                "sha256:03e677c6bc9cfb7f93a8b617d44f6091613a5671ef2944818469be7b42114a00",
                "sha256:0a514ae436b23a92366fbad8365807fc0eed15ca219690b3445dcfa33597a5cc",
                "sha256:12bd6618e3cc737c5200ecabbbb5eaba8ab645a4b0db508ceeb4004bb10b060e",
                "sha256:18d22cb9043b6c6804529810f492ab09d638ddf625c5dea8529239607295cb59",
                "sha256:19b8e5270da32b41ebf12f0e7165efa7024492e9513fb46fb631c5022ae5709d",
                "sha256:2b6fe5f7ce1cba0e74188c8473c9091ead9b293ef0a6794939f8cc7947057abd",
                "sha256:320b180d125c3842c5da5889183b9a43da4ebba375ab2ef938f57bf267a3c684",
                "sha256:3d099ecaa5b9e977b55cd43cf842ec13b14afa1cfa51b7e1179d90b38c53ce6a",
                "sha256:6c0853d487b6c868bf107a4b270a823746175b1932093b537b9b76c639fc6f7e",
                "sha256:6fa0067f2419f933101bdc6001bcea1d50812afbd367b30943417d67fbb99678",
                "sha256:70a996a1d2432dadedbb638fe7d921c88b0cc4dd90374eab51bb33dc6c0c2a12",
                "sha256:7b8395d335b08bc8b050590da264f94a439b4770ff16bb51798527f1dd840388",
                "sha256:7bbf173d364130334e0159a9a034f573e8b44a05320995127cf676b85fd8ce86",
                "sha256:8db5a644d184a38e6ed40feeb12d410d7fcc36648443defe4707022da127fc35",
                "sha256:909a72b52175590debbf1d0c9e3e6bce2f1833c80c76d80bd1aa09188be768e5",
                "sha256:90d1d365d77d287063c5e339f49b27bd99ef06d10a8843cf00b1a49326d492c1",
                "sha256:910df06feaf9935d05247db6de452f6d59820e432c18a2919a92ffcd98f8f79b",
                "sha256:99f7192d8b0e6daf8e0d0fd93baa40056684e4b4aaaef9ea78dff34168e1f2f0",
                "sha256:a2564629b3a47b6aa303e024e3d84e850d36746f7e804347f64229f8c87416ea",
                "sha256:a37ee35a3eb6ce523b2c064af6286c45ea1c7ff882d46e10d0945dbda7572753",
                "sha256:af2449e9e984dfad39276b885271ba31c5e0204ffd9f21f287a245980b0e4091",
                "sha256:e09a53a4fe8d6ae2149959a2d02e1ef2f4d2ceb285ac48f74b79798507e468b4",
                "sha256:f25e23a03f7ad7211ffa30cb181c3e5f6d96a8e4cb22898af462a7333f8a74eb",
                "sha256:fe7914d8ddb2d54b900cec264c090b88d141a1eed605c9539a187dbc2547f022"
            ],
            "index": "pypi",
            "version": "==2.0.1"
        },
        "psycopg2": {
            "hashes": [
                "sha256:11aca705ec888e4f4cea97289a0bf0f22a067a32614f6ef64fcf7b8bfbc53744",
                "sha256:1861a53a6a0fd248e42ea37c957d36950da00266378746588eab4f4b5649e95f",
                "sha256:2362ee4d07ac85ff0ad93e22c693d0f37ff63e28f0615a16b6635a645f4b9214",
                "sha256:36c941a767341d11549c0fbdbb2bf5be2eda4caf87f65dfcd7d146828bd27f39",
                "sha256:53f4ad0a3988f983e9b49a5d9765d663bbe84f508ed655affdb810af9d0972ad",
                "sha256:869776630c04f335d4124f120b7fb377fe44b0a7645ab3c34b4ba42516951889",
                "sha256:a8ad4a47f42aa6aec8d061fdae21eaed8d864d4bb0f0cade5ad32ca16fcd6258",
                "sha256:b81fcb9ecfc584f661b71c889edeae70bae30d3ef74fa0ca388ecda50b1222b7",
                "sha256:d24ead3716a7d093b90b27b3d73459fe8cd90fd7065cf43b3c40966221d8c394",
                "sha256:ded2faa2e6dfb430af7713d87ab4abbfc764d8d7fb73eafe96a24155f906ebf5",
                "sha256:f15158418fd826831b28585e2ab48ed8df2d0d98f502a2b4fe619e7d5ca29011",
                "sha256:f75001a1cbbe523e00b0ef896a5a1ada2da93ccd752b7636db5a99bc57c44494",
                "sha256:f7a7a5ee78ba7dc74265ba69e010ae89dae635eea0e97b055fb641a01a31d2b1"
            ],
            "index": "pypi",
            "version": "==2.9.6"
        },
        "py4j": {
            "hashes": [
                "sha256:0b6e5315bb3ada5cf62ac651d107bb2ebc02def3dee9d9548e3baac644ea8dbb",
                "sha256:85defdfd2b2376eb3abf5ca6474b51ab7e0de341c75a02f46dc9b5976f5a5c1b"
            ],
            "version": "==0.10.9.7"
        },
        "pymongo": {
            "hashes": [
                "sha256:016c412118e1c23fef3a1eada4f83ae6e8844fd91986b2e066fc1b0013cdd9ae",
                "sha256:01f7cbe88d22440b6594c955e37312d932fd632ffed1a86d0c361503ca82cc9d",
                "sha256:08fc250b5552ee97ceeae0f52d8b04f360291285fc7437f13daa516ce38fdbc6",
                "sha256:0c466710871d0026c190fc4141e810cf9d9affbf4935e1d273fbdc7d7cda6143",
                "sha256:1074f1a6f23e28b983c96142f2d45be03ec55d93035b471c26889a7ad2365db3",
                "sha256:12f3621a46cdc7a9ba8080422262398a91762a581d27e0647746588d3f995c88",
                "sha256:2c2fdc855149efe7cdcc2a01ca02bfa24761c640203ea94df467f3baf19078be",
                "sha256:316498b642c00401370b2156b5233b256f9b33799e0a8d9d0b8a7da217a20fca",
                "sha256:341221e2f2866a5960e6f8610f4cbac0bb13097f3b1a289aa55aba984fc0d969",
                "sha256:34b040e095e1671df0c095ec0b04fc4ebb19c4c160f87c2b55c079b16b1a6b00",
                "sha256:34e95ffb0a68bffbc3b437f2d1f25fc916fef3df5cdeed0992da5f42fae9b807",
                "sha256:39b03045c71f761aee96a12ebfbc2f4be89e724ff6f5e31c2574c1a0e2add8bd",
                "sha256:3b93043b14ba7eb08c57afca19751658ece1cfa2f0b7b1fb5c7a41452fbb8482",
                "sha256:47f7aa217b25833cd6f0e72b0d224be55393c2692b4f5e0561cb3beeb10296e9",
                "sha256:49210feb0be8051a64d71691f0acbfbedc33e149f0a5d6e271fddf6a12493fed",
                "sha256:4d00b91c77ceb064c9b0459f0d6ea5bfdbc53ea9e17cf75731e151ef25a830c7",
                "sha256:4ed00f96e147f40b565fe7530d1da0b0f3ab803d5dd5b683834500fa5d195ec4",
                "sha256:5134d33286c045393c7beb51be29754647cec5ebc051cf82799c5ce9820a2ca2",
                "sha256:524d78673518dcd352a91541ecd2839c65af92dc883321c2109ef6e5cd22ef23",
                "sha256:52896e22115c97f1c829db32aa2760b0d61839cfe08b168c2b1d82f31dbc5f55",
                "sha256:54c377893f2cbbffe39abcff5ff2e917b082c364521fa079305f6f064e1a24a9",
                "sha256:55b6163dac53ef1e5d834297810c178050bd0548a4136cd4e0f56402185916ca",
                "sha256:599d3f6fbef31933b96e2d906b0f169b3371ff79ea6aaf6ecd76c947a3508a3d",
                "sha256:5effd87c7d363890259eac16c56a4e8da307286012c076223997f8cc4a8c435b",
                "sha256:66413c50d510e5bcb0afc79880d1693a2185bcea003600ed898ada31338c004e",
                "sha256:695939036a320f4329ccf1627edefbbb67cc7892b8222d297b0dd2313742bfee",
                "sha256:6c2216d8b6a6d019c6f4b1ad55f890e5e77eb089309ffc05b6911c09349e7474",
                "sha256:6dd1cf2995fdbd64fc0802313e8323f5fa18994d51af059b5b8862b73b5e53f0",
                "sha256:6fcfbf435eebf8a1765c6d1f46821740ebe9f54f815a05c8fc30d789ef43cb12",
                "sha256:704d939656e21b073bfcddd7228b29e0e8a93dd27b54240eaafc0b9a631629a6",
                "sha256:711bc52cb98e7892c03e9b669bebd89c0a890a90dbc6d5bb2c47f30239bac6e9",
                "sha256:74731c9e423c93cbe791f60c27030b6af6a948cef67deca079da6cd1bb583a8e",
                "sha256:7761cacb8745093062695b11574effea69db636c2fd0a9269a1f0183712927b4",
                "sha256:7b16250238de8dafca225647608dddc7bbb5dce3dd53b4d8e63c1cc287394c2f",
                "sha256:7c051fe37c96b9878f37fa58906cb53ecd13dcb7341d3a85f1e2e2f6b10782d9",
                "sha256:7d43ac9c7eeda5100fb0a7152fab7099c9cf9e5abd3bb36928eb98c7d7a339c6",
                "sha256:81d1a7303bd02ca1c5be4aacd4db73593f573ba8e0c543c04c6da6275fd7a47e",
                "sha256:8a06a0c02f5606330e8f2e2f3b7949877ca7e4024fa2bff5a4506bec66c49ec7",
                "sha256:8fd6e191b92a10310f5a6cfe10d6f839d79d192fb02480bda325286bd1c7b385",
                "sha256:943f208840777f34312c103a2d1caab02d780c4e9be26b3714acf6c4715ba7e1",
                "sha256:9b87b23570565a6ddaa9244d87811c2ee9cffb02a753c8a2da9c077283d85845",
                "sha256:a6cd6f1db75eb07332bd3710f58f5fce4967eadbf751bad653842750a61bda62",
                "sha256:a966d5304b7d90c45c404914e06bbf02c5bf7e99685c6c12f0047ef2aa837142",
                "sha256:a9c2885b4a8e6e39db5662d8b02ca6dcec796a45e48c2de12552841f061692ba",
                "sha256:b0cfe925610f2fd59555bb7fc37bd739e4b197d33f2a8b2fae7b9c0c6640318c",
                "sha256:b38a96b3eed8edc515b38257f03216f382c4389d022a8834667e2bc63c0c0c31",
                "sha256:b8a03af1ce79b902a43f5f694c4ca8d92c2a4195db0966f08f266549e2fc49bc",
                "sha256:bb869707d8e30645ed6766e44098600ca6cdf7989c22a3ea2b7966bb1d98d4b2",
                "sha256:be1d2ce7e269215c3ee9a215e296b7a744aff4f39233486d2c4d77f5f0c561a6",
                "sha256:c0640b4e9d008e13956b004d1971a23377b3d45491f87082161c92efb1e6c0d6",
                "sha256:c09956606c08c4a7c6178a04ba2dd9388fcc5db32002ade9c9bc865ab156ab6d",
                "sha256:c184ec5be465c0319440734491e1aa4709b5f3ba75fdfc9dbbc2ae715a7f6829",
                "sha256:c1a70c51da9fa95bd75c167edb2eb3f3c4d27bc4ddd29e588f21649d014ec0b7",
                "sha256:c29e758f0e734e1e90357ae01ec9c6daf19ff60a051192fe110d8fb25c62600e",
                "sha256:c6258a3663780ae47ba73d43eb63c79c40ffddfb764e09b56df33be2f9479837",
                "sha256:cafa52873ae12baa512a8721afc20de67a36886baae6a5f394ddef0ce9391f91",
                "sha256:cd6a4afb20fb3c26a7bfd4611a0bbb24d93cbd746f5eb881f114b5e38fd55501",
                "sha256:cdb87309de97c63cb9a69132e1cb16be470e58cffdfbad68fdd1dc292b22a840",
                "sha256:d07d06dba5b5f7d80f9cc45501456e440f759fe79f9895922ed486237ac378a8",
                "sha256:d3a51901066696c4af38c6c63a1f0aeffd5e282367ff475de8c191ec9609b56d",
                "sha256:d5571b6978750601f783cea07fb6b666837010ca57e5cefa389c1d456f6222e2",
                "sha256:d86c35d94b5499689354ccbc48438a79f449481ee6300f3e905748edceed78e7",
                "sha256:dc0cff74cd36d7e1edba91baa09622c35a8a57025f2f2b7a41e3f83b1db73186",
                "sha256:dc24d245026a72d9b4953729d31813edd4bd4e5c13622d96e27c284942d33f24",
                "sha256:dca34367a4e77fcab0693e603a959878eaf2351585e7d752cac544bc6b2dee46",
                "sha256:e2961b05f9c04a53da8bfc72f1910b6aec7205fcf3ac9c036d24619979bbee4b",
                "sha256:e7fac06a539daef4fcf5d8288d0d21b412f9b750454cd5a3cf90484665db442a",
                "sha256:eac0a143ef4f28f49670bf89cb15847eb80b375d55eba401ca2f777cd425f338",
                "sha256:ef888f48eb9203ee1e04b9fb27429017b290fb916f1e7826c2f7808c88798394",
                "sha256:f3055510fdfdb1775bc8baa359783022f70bb553f2d46e153c094dfcb08578ff",
                "sha256:fa7e202feb683dad74f00dea066690448d0cfa310f8a277db06ec8eb466601b5",
                "sha256:fc28e8d85d392a06434e9a934908d97e2cf453d69488d2bcd0bfb881497fd975",
                "sha256:fd7bb378d82b88387dc10227cfd964f6273eb083e05299e9b97cbe075da12d11",
                "sha256:ffcc8394123ea8d43fff8e5d000095fe7741ce3f8988366c5c919c4f5eb179d3"
            ],
            "index": "pypi",
            "version": "==4.3.3"
        },
        "pyspark": {
            "hashes": [
                "sha256:167a23e11854adb37f8602de6fcc3a4f96fd5f1e323b9bb83325f38408c5aafd"
            ],
            "index": "pypi",
            "version": "==3.4.0"
        },
        "python-dateutil": {
            "hashes": [
                "sha256:0123cacc1627ae19ddf3c27a5de5bd67ee4586fbdd6440d9748f8abb483d3e86",
                "sha256:961d03dc3453ebbc59dbdea9e4e11c5651520a876d0f4db161e8674aae935da9"
            ],
            "markers": "python_version >= '2.7' and python_version not in '3.0, 3.1, 3.2, 3.3'",
            "version": "==2.8.2"
        },
        "python-dotenv": {
            "hashes": [
                "sha256:a8df96034aae6d2d50a4ebe8216326c61c3eb64836776504fcca410e5937a3ba",
                "sha256:f5971a9226b701070a4bf2c38c89e5a3f0d64de8debda981d1db98583009122a"
            ],
            "index": "pypi",
            "version": "==1.0.0"
        },
        "pytz": {
            "hashes": [
                "sha256:1d8ce29db189191fb55338ee6d0387d82ab59f3d00eac103412d64e0ebd0c588",
                "sha256:a151b3abb88eda1d4e34a9814df37de2a80e301e68ba0fd856fb9b46bfbbbffb"
            ],
            "version": "==2023.3"
        },
        "six": {
            "hashes": [
                "sha256:1e61c37477a1626458e36f7b1d82aa5c9b094fa4802892072e49de9c60c4c926",
                "sha256:8abb2f1d86890a2dfb989f9a77cfcfd3e47c2a354b01111771326f8aa26e0254"
            ],
            "markers": "python_version >= '2.7' and python_version not in '3.0, 3.1, 3.2, 3.3'",
            "version": "==1.16.0"
        },
        "spark": {
            "hashes": [
                "sha256:df499b57d30178c6d32dbda2af188b9833a261a70ccd262126ed7b415d9e36d1"
            ],
            "index": "pypi",
            "version": "==0.2.1"
        },
        "sqlalchemy": {
            "hashes": [
                "sha256:0aa2cbde85a6eab9263ab480f19e8882d022d30ebcdc14d69e6a8d7c07b0a871",
                "sha256:0d6979c9707f8b82366ba34b38b5a6fe32f75766b2e901f9820e271e95384070",
                "sha256:0eb14a386a5b610305bec6639b35540b47f408b0a59f75999199aed5b3d40079",
                "sha256:2424a84f131901fbb20a99844d47b38b517174c6e964c8efb15ea6bb9ced8c2b",
                "sha256:2ad9688debf1f0ae9c6e0706a4e2d33b1a01281317cee9bd1d7eef8020c5baac",
                "sha256:2f0a355264af0952570f18457102984e1f79510f856e5e0ae652e63316d1ca23",
                "sha256:31f72bb300eed7bfdb373c7c046121d84fa0ae6f383089db9505ff553ac27cef",
                "sha256:375b7ba88f261dbd79d044f20cbcd919d88befb63f26af9d084614f10cdf97a6",
                "sha256:37de4010f53f452e94e5ed6684480432cfe6a7a8914307ef819cd028b05b98d5",
                "sha256:49c138856035cb97f0053e5e57ba90ec936b28a0b8b0020d44965c7b0c0bf03a",
                "sha256:4f9832815257969b3ca9bf0501351e4c02c8d60cbd3ec9f9070d5b0f8852900e",
                "sha256:566a0ac347cf4632f551e7b28bbd0d215af82e6ffaa2556f565a3b6b51dc3f81",
                "sha256:6777673d346071451bf7cccf8d0499024f1bd6a835fc90b4fe7af50373d92ce6",
                "sha256:72746ec17a7d9c5acf2c57a6e6190ceba3dad7127cd85bb17f24e90acc0e8e3f",
                "sha256:755f653d693f9b8f4286d987aec0d4279821bf8d179a9de8e8a5c685e77e57d6",
                "sha256:7612a7366a0855a04430363fb4ab392dc6818aaece0b2e325ff30ee77af9b21f",
                "sha256:7ad24c85f2a1caf0cd1ae8c2fdb668777a51a02246d9039420f94bd7dbfd37ed",
                "sha256:881cc388dded44ae6e17a1666364b98bd76bcdc71b869014ae725f06ba298e0e",
                "sha256:8d97b37b4e60073c38bcf94e289e3be09ef9be870de88d163f16e08f2b9ded1a",
                "sha256:9119795d2405eb23bf7e6707e228fe38124df029494c1b3576459aa3202ea432",
                "sha256:9136d596111c742d061c0f99bab95c5370016c4101a32e72c2b634ad5e0757e6",
                "sha256:9ad883ac4f5225999747f0849643c4d0ec809d9ffe0ddc81a81dd3e68d0af463",
                "sha256:a25b4c4fdd633501233924f873e6f6cd8970732859ecfe4ecfb60635881f70be",
                "sha256:a30e4db983faa5145e00ef6eaf894a2d503b3221dbf40a595f3011930d3d0bac",
                "sha256:a5e9e78332a5d841422b88b8c490dfd7f761e64b3430249b66c05d02f72ceab0",
                "sha256:b4e08e3831671008888bad5d160d757ef35ce34dbb73b78c3998d16aa1334c97",
                "sha256:bf1aae95e80acea02a0a622e1c12d3fefc52ffd0fe7bda70a30d070373fbb6c3",
                "sha256:c61b89803a87a3b2a394089a7dadb79a6c64c89f2e8930cc187fec43b319f8d2",
                "sha256:cdf80359b641185ae7e580afb9f88cf560298f309a38182972091165bfe1225d",
                "sha256:d93ebbff3dcf05274843ad8cf650b48ee634626e752c5d73614e5ec9df45f0ce",
                "sha256:db24d2738add6db19d66ca820479d2f8f96d3f5a13c223f27fa28dd2f268a4bd",
                "sha256:e0d20f27edfd6f35b388da2bdcd7769e4ffa374fef8994980ced26eb287e033a",
                "sha256:e2f3b5236079bc3e318a92bab2cc3f669cc32127075ab03ff61cacbae1c392b8",
                "sha256:e481e54db8cec1457ee7c05f6d2329e3298a304a70d3b5e2e82e77170850b385",
                "sha256:e5e5dc300a0ca8755ada1569f5caccfcdca28607dfb98b86a54996b288a8ebd3",
                "sha256:ec2f525273528425ed2f51861b7b88955160cb95dddb17af0914077040aff4a5",
                "sha256:f234ba3bb339ad17803009c8251f5ee65dcf283a380817fe486823b08b26383d",
                "sha256:f463598f9e51ccc04f0fe08500f9a0c3251a7086765350be418598b753b5561d",
                "sha256:f717944aee40e9f48776cf85b523bb376aa2d9255a268d6d643c57ab387e7264",
                "sha256:fd0febae872a4042da44e972c070f0fd49a85a0a7727ab6b85425f74348be14e",
                "sha256:fec56c7d1b6a22c8f01557de3975d962ee40270b81b60d1cfdadf2a105d10e84"
            ],
            "markers": "python_version >= '3.7'",
            "version": "==2.0.13"
        },
        "typing-extensions": {
            "hashes": [
                "sha256:5cb5f4a79139d699607b3ef622a1dedafa84e115ab0024e0d9c044a9479ca7cb",
                "sha256:fb33085c39dd998ac16d1431ebc293a8b3eedd00fd4a32de0ff79002c19511b4"
            ],
            "markers": "python_version >= '3.7'",
            "version": "==4.5.0"
        },
        "tzdata": {
            "hashes": [
                "sha256:11ef1e08e54acb0d4f95bdb1be05da659673de4acbd21bf9c69e94cc5e907a3a",
                "sha256:7e65763eef3120314099b6939b5546db7adce1e7d6f2e179e3df563c70511eda"
            ],
            "markers": "python_version >= '2'",
            "version": "==2023.3"
        },
        "werkzeug": {
            "hashes": [
                "sha256:1d5a58e0377d1fe39d061a5de4469e414e78ccb1e1e59c0f5ad6fa1c36c52b76",
                "sha256:48e5e61472fee0ddee27ebad085614ebedb7af41e88f687aaf881afb723a162f"
            ],
            "markers": "python_version >= '3.8'",
            "version": "==2.3.4"
        },
        "wtforms": {
            "hashes": [
                "sha256:6b351bbb12dd58af57ffef05bc78425d08d1914e0fd68ee14143b7ade023c5bc",
                "sha256:837f2f0e0ca79481b92884962b914eba4e72b7a2daaf1f939c890ed0124b834b"
            ],
            "markers": "python_version >= '3.7'",
            "version": "==3.0.1"
        },
        "zipp": {
            "hashes": [
                "sha256:112929ad649da941c23de50f356a2b5570c954b65150642bccdd66bf194d224b",
                "sha256:48904fc76a60e542af151aded95726c1a5c34ed43ab4134b597665c86d7ad556"
            ],
            "markers": "python_version >= '3.7'",
            "version": "==3.15.0"
        }
    },
    "develop": {}
}
